{
  "name": "Work",
  "lockfileVersion": 2,
  "requires": true,
  "packages": {
    "": {
      "dependencies": {
        "svf-lib": "^1.0.1884",
        "svf-tools": "^1.0.886"
      }
    },
    "node_modules/svf-lib": {
      "version": "1.0.1884",
      "resolved": "https://registry.npmjs.org/svf-lib/-/svf-lib-1.0.1884.tgz",
      "integrity": "sha512-Z1ahCm2HK9V0PChk8PNVPVXxRgN6uP6EnZnR3UCjwCWa6pJWC/Aw0zrUXRHe7i4LXp30IDnypuAALoDWJkfeBw==",
      "hasInstallScript": true
    },
    "node_modules/svf-tools": {
      "version": "1.0.886",
      "resolved": "https://registry.npmjs.org/svf-tools/-/svf-tools-1.0.886.tgz",
      "integrity": "sha512-6e5whq9xA8Dd3NgL7Zml+6qKnCwjHNMXUpsTLaQszz54NKrz1rLHKZjdjo/mtsfJIGHXUOLgp18AJ7Ygommeog==",
      "hasInstallScript": true
    }
  },
  "dependencies": {
    "svf-lib": {
      "version": "1.0.1884",
      "resolved": "https://registry.npmjs.org/svf-lib/-/svf-lib-1.0.1884.tgz",
      "integrity": "sha512-Z1ahCm2HK9V0PChk8PNVPVXxRgN6uP6EnZnR3UCjwCWa6pJWC/Aw0zrUXRHe7i4LXp30IDnypuAALoDWJkfeBw=="
    },
    "svf-tools": {
      "version": "1.0.886",
      "resolved": "https://registry.npmjs.org/svf-tools/-/svf-tools-1.0.886.tgz",
      "integrity": "sha512-6e5whq9xA8Dd3NgL7Zml+6qKnCwjHNMXUpsTLaQszz54NKrz1rLHKZjdjo/mtsfJIGHXUOLgp18AJ7Ygommeog=="
    }
  }
}
